
Microsoft Visual Studio Solution File, Format Version 12.00
# Visual Studio Version 17
VisualStudioVersion = 17.6.33723.286
MinimumVisualStudioVersion = 10.0.40219.1
Project("{FAE04EC0-301F-11D3-BF4B-00C04F79EFBC}") = "Calculator", "Calculator\Calculator.csproj", "{8F17A18A-3494-49C0-9EA9-5FBE23D448B5}"
EndProject
Global
	GlobalSection(SolutionConfigurationPlatforms) = preSolution
		Debug|Any CPU = Debug|Any CPU
		Release|Any CPU = Release|Any CPU
	EndGlobalSection
	GlobalSection(ProjectConfigurationPlatforms) = postSolution
		{8F17A18A-3494-49C0-9EA9-5FBE23D448B5}.Debug|Any CPU.ActiveCfg = Debug|Any CPU
		{8F17A18A-3494-49C0-9EA9-5FBE23D448B5}.Debug|Any CPU.Build.0 = Debug|Any CPU
		{8F17A18A-3494-49C0-9EA9-5FBE23D448B5}.Release|Any CPU.ActiveCfg = Release|Any CPU
		{8F17A18A-3494-49C0-9EA9-5FBE23D448B5}.Release|Any CPU.Build.0 = Release|Any CPU
	EndGlobalSection
	GlobalSection(SolutionProperties) = preSolution
		HideSolutionNode = FALSE
	EndGlobalSection
	GlobalSection(ExtensibilityGlobals) = postSolution
		SolutionGuid = {7D502AB3-49FD-4FC9-BBAE-AA3FAC0C0DE7}
	EndGlobalSection
EndGlobal
