
Microsoft Visual Studio Solution File, Format Version 12.00
# Visual Studio Version 17
VisualStudioVersion = 17.6.33723.286
MinimumVisualStudioVersion = 10.0.40219.1
Project("{FAE04EC0-301F-11D3-BF4B-00C04F79EFBC}") = "LoginPage", "LoginPage\LoginPage.csproj", "{9A466BB6-EBCE-41C4-8792-7E60348D3892}"
EndProject
Global
	GlobalSection(SolutionConfigurationPlatforms) = preSolution
		Debug|Any CPU = Debug|Any CPU
		Release|Any CPU = Release|Any CPU
	EndGlobalSection
	GlobalSection(ProjectConfigurationPlatforms) = postSolution
		{9A466BB6-EBCE-41C4-8792-7E60348D3892}.Debug|Any CPU.ActiveCfg = Debug|Any CPU
		{9A466BB6-EBCE-41C4-8792-7E60348D3892}.Debug|Any CPU.Build.0 = Debug|Any CPU
		{9A466BB6-EBCE-41C4-8792-7E60348D3892}.Release|Any CPU.ActiveCfg = Release|Any CPU
		{9A466BB6-EBCE-41C4-8792-7E60348D3892}.Release|Any CPU.Build.0 = Release|Any CPU
	EndGlobalSection
	GlobalSection(SolutionProperties) = preSolution
		HideSolutionNode = FALSE
	EndGlobalSection
	GlobalSection(ExtensibilityGlobals) = postSolution
		SolutionGuid = {BB027E41-2612-4DA8-A463-410AFA28EDCF}
	EndGlobalSection
EndGlobal
